
Microsoft Visual Studio Solution File, Format Version 12.00
# Visual Studio Version 17
VisualStudioVersion = 17.7.34018.315
MinimumVisualStudioVersion = 10.0.40219.1
Project("{FAE04EC0-301F-11D3-BF4B-00C04F79EFBC}") = "VehiclesApi", "VehiclesApi\VehiclesApi.csproj", "{E22F4516-A9F1-4D99-886F-A930C227A969}"
EndProject
Project("{FAE04EC0-301F-11D3-BF4B-00C04F79EFBC}") = "CustomersApi", "CustomersApi\CustomersApi.csproj", "{457DCAE3-7A26-4B3D-A704-E48B51BA5601}"
EndProject
Project("{FAE04EC0-301F-11D3-BF4B-00C04F79EFBC}") = "ReservationsApi", "ReservationsApi\ReservationsApi.csproj", "{3D4D053F-37A0-4F76-9566-795E4A139FD1}"
EndProject
Global
	GlobalSection(SolutionConfigurationPlatforms) = preSolution
		Debug|Any CPU = Debug|Any CPU
		Release|Any CPU = Release|Any CPU
	EndGlobalSection
	GlobalSection(ProjectConfigurationPlatforms) = postSolution
		{E22F4516-A9F1-4D99-886F-A930C227A969}.Debug|Any CPU.ActiveCfg = Debug|Any CPU
		{E22F4516-A9F1-4D99-886F-A930C227A969}.Debug|Any CPU.Build.0 = Debug|Any CPU
		{E22F4516-A9F1-4D99-886F-A930C227A969}.Release|Any CPU.ActiveCfg = Release|Any CPU
		{E22F4516-A9F1-4D99-886F-A930C227A969}.Release|Any CPU.Build.0 = Release|Any CPU
		{457DCAE3-7A26-4B3D-A704-E48B51BA5601}.Debug|Any CPU.ActiveCfg = Debug|Any CPU
		{457DCAE3-7A26-4B3D-A704-E48B51BA5601}.Debug|Any CPU.Build.0 = Debug|Any CPU
		{457DCAE3-7A26-4B3D-A704-E48B51BA5601}.Release|Any CPU.ActiveCfg = Release|Any CPU
		{457DCAE3-7A26-4B3D-A704-E48B51BA5601}.Release|Any CPU.Build.0 = Release|Any CPU
		{3D4D053F-37A0-4F76-9566-795E4A139FD1}.Debug|Any CPU.ActiveCfg = Debug|Any CPU
		{3D4D053F-37A0-4F76-9566-795E4A139FD1}.Debug|Any CPU.Build.0 = Debug|Any CPU
		{3D4D053F-37A0-4F76-9566-795E4A139FD1}.Release|Any CPU.ActiveCfg = Release|Any CPU
		{3D4D053F-37A0-4F76-9566-795E4A139FD1}.Release|Any CPU.Build.0 = Release|Any CPU
	EndGlobalSection
	GlobalSection(SolutionProperties) = preSolution
		HideSolutionNode = FALSE
	EndGlobalSection
	GlobalSection(ExtensibilityGlobals) = postSolution
		SolutionGuid = {51620F4A-A334-4196-A57B-A1825F181DA2}
	EndGlobalSection
EndGlobal
